
Microsoft Visual Studio Solution File, Format Version 12.00
Project("{FAE04EC0-301F-11D3-BF4B-00C04F79EFBC}") = "KotingProgress", "KotingProgress\KotingProgress.csproj", "{F6CBE627-C0D9-4F06-B931-E1215A071A30}"
EndProject
Global
	GlobalSection(SolutionConfigurationPlatforms) = preSolution
		Debug|Any CPU = Debug|Any CPU
		Release|Any CPU = Release|Any CPU
	EndGlobalSection
	GlobalSection(ProjectConfigurationPlatforms) = postSolution
		{F6CBE627-C0D9-4F06-B931-E1215A071A30}.Debug|Any CPU.ActiveCfg = Debug|Any CPU
		{F6CBE627-C0D9-4F06-B931-E1215A071A30}.Debug|Any CPU.Build.0 = Debug|Any CPU
		{F6CBE627-C0D9-4F06-B931-E1215A071A30}.Release|Any CPU.ActiveCfg = Release|Any CPU
		{F6CBE627-C0D9-4F06-B931-E1215A071A30}.Release|Any CPU.Build.0 = Release|Any CPU
	EndGlobalSection
EndGlobal
